
Microsoft Visual Studio Solution File, Format Version 12.00
# Visual Studio Version 17
VisualStudioVersion = 17.11.35327.3
MinimumVisualStudioVersion = 10.0.40219.1
Project("{FAE04EC0-301F-11D3-BF4B-00C04F79EFBC}") = "inter", "inter\inter.csproj", "{89257D91-DF24-4388-AB76-F32E856EEA0B}"
EndProject
Global
	GlobalSection(SolutionConfigurationPlatforms) = preSolution
		Debug|Any CPU = Debug|Any CPU
		Release|Any CPU = Release|Any CPU
	EndGlobalSection
	GlobalSection(ProjectConfigurationPlatforms) = postSolution
		{89257D91-DF24-4388-AB76-F32E856EEA0B}.Debug|Any CPU.ActiveCfg = Debug|Any CPU
		{89257D91-DF24-4388-AB76-F32E856EEA0B}.Debug|Any CPU.Build.0 = Debug|Any CPU
		{89257D91-DF24-4388-AB76-F32E856EEA0B}.Release|Any CPU.ActiveCfg = Release|Any CPU
		{89257D91-DF24-4388-AB76-F32E856EEA0B}.Release|Any CPU.Build.0 = Release|Any CPU
	EndGlobalSection
	GlobalSection(SolutionProperties) = preSolution
		HideSolutionNode = FALSE
	EndGlobalSection
	GlobalSection(ExtensibilityGlobals) = postSolution
		SolutionGuid = {F7C7F1B0-14BE-40F2-823F-E9CB4AE6CA9E}
	EndGlobalSection
EndGlobal
